
Microsoft Visual Studio Solution File, Format Version 12.00
# Visual Studio Version 16
VisualStudioVersion = 16.0.31105.61
MinimumVisualStudioVersion = 10.0.40219.1
Project("{FAE04EC0-301F-11D3-BF4B-00C04F79EFBC}") = "Calculator", "Calculator\Calculator.csproj", "{7F7046BF-0D87-41B1-B493-E847F97A5786}"
EndProject
Global
	GlobalSection(SolutionConfigurationPlatforms) = preSolution
		Debug|Any CPU = Debug|Any CPU
		Release|Any CPU = Release|Any CPU
	EndGlobalSection
	GlobalSection(ProjectConfigurationPlatforms) = postSolution
		{7F7046BF-0D87-41B1-B493-E847F97A5786}.Debug|Any CPU.ActiveCfg = Debug|Any CPU
		{7F7046BF-0D87-41B1-B493-E847F97A5786}.Debug|Any CPU.Build.0 = Debug|Any CPU
		{7F7046BF-0D87-41B1-B493-E847F97A5786}.Release|Any CPU.ActiveCfg = Release|Any CPU
		{7F7046BF-0D87-41B1-B493-E847F97A5786}.Release|Any CPU.Build.0 = Release|Any CPU
	EndGlobalSection
	GlobalSection(SolutionProperties) = preSolution
		HideSolutionNode = FALSE
	EndGlobalSection
	GlobalSection(ExtensibilityGlobals) = postSolution
		SolutionGuid = {33E1DDF9-E5F6-42D6-967F-A4EAEF7332E4}
	EndGlobalSection
EndGlobal
